
Microsoft Visual Studio Solution File, Format Version 12.00
# Visual Studio Version 17
VisualStudioVersion = 17.5.002.0
MinimumVisualStudioVersion = 10.0.40219.1
Project("{9A19103F-16F7-4668-BE54-9A1E7A4F7556}") = "ConwaysGame", "ConwaysGame\ConwaysGame.csproj", "{5518AA04-2DEA-4A9E-820F-D7CBE311CA7B}"
EndProject
Project("{FAE04EC0-301F-11D3-BF4B-00C04F79EFBC}") = "NeuralNetwork", "NeuralNetwork\NeuralNetwork.csproj", "{33C4125F-C82B-4C5F-B558-41496B093578}"
EndProject
Global
	GlobalSection(SolutionConfigurationPlatforms) = preSolution
		Debug|Any CPU = Debug|Any CPU
		Release|Any CPU = Release|Any CPU
	EndGlobalSection
	GlobalSection(ProjectConfigurationPlatforms) = postSolution
		{5518AA04-2DEA-4A9E-820F-D7CBE311CA7B}.Debug|Any CPU.ActiveCfg = Debug|Any CPU
		{5518AA04-2DEA-4A9E-820F-D7CBE311CA7B}.Debug|Any CPU.Build.0 = Debug|Any CPU
		{5518AA04-2DEA-4A9E-820F-D7CBE311CA7B}.Release|Any CPU.ActiveCfg = Release|Any CPU
		{5518AA04-2DEA-4A9E-820F-D7CBE311CA7B}.Release|Any CPU.Build.0 = Release|Any CPU
		{33C4125F-C82B-4C5F-B558-41496B093578}.Debug|Any CPU.ActiveCfg = Debug|Any CPU
		{33C4125F-C82B-4C5F-B558-41496B093578}.Debug|Any CPU.Build.0 = Debug|Any CPU
		{33C4125F-C82B-4C5F-B558-41496B093578}.Release|Any CPU.ActiveCfg = Release|Any CPU
		{33C4125F-C82B-4C5F-B558-41496B093578}.Release|Any CPU.Build.0 = Release|Any CPU
	EndGlobalSection
	GlobalSection(SolutionProperties) = preSolution
		HideSolutionNode = FALSE
	EndGlobalSection
	GlobalSection(ExtensibilityGlobals) = postSolution
		SolutionGuid = {494888EC-E3E5-4AEA-AC4F-5835AA0AC968}
	EndGlobalSection
EndGlobal
